
Microsoft Visual Studio Solution File, Format Version 12.00
Project("{FAE04EC0-301F-11D3-BF4B-00C04F79EFBC}") = "EvocationPlus", "EvocationPlus\EvocationPlus.csproj", "{33B712D6-A1B0-4EEB-B8D3-6FB057A0949F}"
EndProject
Global
	GlobalSection(SolutionConfigurationPlatforms) = preSolution
		Debug|Any CPU = Debug|Any CPU
		Release|Any CPU = Release|Any CPU
	EndGlobalSection
	GlobalSection(ProjectConfigurationPlatforms) = postSolution
		{33B712D6-A1B0-4EEB-B8D3-6FB057A0949F}.Debug|Any CPU.ActiveCfg = Debug|Any CPU
		{33B712D6-A1B0-4EEB-B8D3-6FB057A0949F}.Debug|Any CPU.Build.0 = Debug|Any CPU
		{33B712D6-A1B0-4EEB-B8D3-6FB057A0949F}.Release|Any CPU.ActiveCfg = Release|Any CPU
		{33B712D6-A1B0-4EEB-B8D3-6FB057A0949F}.Release|Any CPU.Build.0 = Release|Any CPU
	EndGlobalSection
EndGlobal
